
Microsoft Visual Studio Solution File, Format Version 12.00
# Visual Studio Version 17
VisualStudioVersion = 17.4.33103.184
MinimumVisualStudioVersion = 10.0.40219.1
Project("{9A19103F-16F7-4668-BE54-9A1E7A4F7556}") = "kubernetes-azure-csharp", "kubernetes-azure-csharp.csproj", "{D98A4D99-9D93-4822-ADF2-2098AF7C1C62}"
EndProject
Global
	GlobalSection(SolutionConfigurationPlatforms) = preSolution
		Debug|Any CPU = Debug|Any CPU
		Release|Any CPU = Release|Any CPU
	EndGlobalSection
	GlobalSection(ProjectConfigurationPlatforms) = postSolution
		{D98A4D99-9D93-4822-ADF2-2098AF7C1C62}.Debug|Any CPU.ActiveCfg = Debug|Any CPU
		{D98A4D99-9D93-4822-ADF2-2098AF7C1C62}.Debug|Any CPU.Build.0 = Debug|Any CPU
		{D98A4D99-9D93-4822-ADF2-2098AF7C1C62}.Release|Any CPU.ActiveCfg = Release|Any CPU
		{D98A4D99-9D93-4822-ADF2-2098AF7C1C62}.Release|Any CPU.Build.0 = Release|Any CPU
	EndGlobalSection
	GlobalSection(SolutionProperties) = preSolution
		HideSolutionNode = FALSE
	EndGlobalSection
	GlobalSection(ExtensibilityGlobals) = postSolution
		SolutionGuid = {922AA400-41C7-4CB2-8110-304CD22B5D31}
	EndGlobalSection
EndGlobal
